// !$*UTF8*$!
{
	archiveVersion = 1;
	classes = {
	};
	objectVersion = 50;
	objects = {

/* Begin PBXBuildFile section */
		088D7BC55A6B0349389C669A /* Pods_AgoraDemoUITests.framework in Frameworks */ = {isa = PBXBuildFile; fileRef = 977712695A93ECC213A8F595 /* Pods_AgoraDemoUITests.framework */; };
		37D6D4F97C3D2D897D89BABB /* Pods_AgoraDemo.framework in Frameworks */ = {isa = PBXBuildFile; fileRef = 70CF7FEF6AA69E381B55C2F6 /* Pods_AgoraDemo.framework */; };
		39B0F03108C1BB85C1E9A449 /* Pods_AgoraDemoTests.framework in Frameworks */ = {isa = PBXBuildFile; fileRef = 44CE898684AF6C4C3E41B29F /* Pods_AgoraDemoTests.framework */; };
		7FD16E5423397214004DC4D6 /* AppDelegate.swift in Sources */ = {isa = PBXBuildFile; fileRef = 7FD16E5323397214004DC4D6 /* AppDelegate.swift */; };
		7FD16E5623397214004DC4D6 /* ViewController.swift in Sources */ = {isa = PBXBuildFile; fileRef = 7FD16E5523397214004DC4D6 /* ViewController.swift */; };
		7FD16E5923397214004DC4D6 /* Main.storyboard in Resources */ = {isa = PBXBuildFile; fileRef = 7FD16E5723397214004DC4D6 /* Main.storyboard */; };
		7FD16E5B23397215004DC4D6 /* Assets.xcassets in Resources */ = {isa = PBXBuildFile; fileRef = 7FD16E5A23397215004DC4D6 /* Assets.xcassets */; };
		7FD16E5E23397215004DC4D6 /* LaunchScreen.storyboard in Resources */ = {isa = PBXBuildFile; fileRef = 7FD16E5C23397215004DC4D6 /* LaunchScreen.storyboard */; };
		7FD16E6923397215004DC4D6 /* AgoraDemoTests.swift in Sources */ = {isa = PBXBuildFile; fileRef = 7FD16E6823397215004DC4D6 /* AgoraDemoTests.swift */; };
		7FD16E7423397215004DC4D6 /* AgoraDemoUITests.swift in Sources */ = {isa = PBXBuildFile; fileRef = 7FD16E7323397215004DC4D6 /* AgoraDemoUITests.swift */; };
/* End PBXBuildFile section */

/* Begin PBXContainerItemProxy section */
		7FD16E6523397215004DC4D6 /* PBXContainerItemProxy */ = {
			isa = PBXContainerItemProxy;
			containerPortal = 7FD16E4823397214004DC4D6 /* Project object */;
			proxyType = 1;
			remoteGlobalIDString = 7FD16E4F23397214004DC4D6;
			remoteInfo = AgoraDemo;
		};
		7FD16E7023397215004DC4D6 /* PBXContainerItemProxy */ = {
			isa = PBXContainerItemProxy;
			containerPortal = 7FD16E4823397214004DC4D6 /* Project object */;
			proxyType = 1;
			remoteGlobalIDString = 7FD16E4F23397214004DC4D6;
			remoteInfo = AgoraDemo;
		};
/* End PBXContainerItemProxy section */

/* Begin PBXFileReference section */
		11E80B95411EBE7CE687621C /* Pods-AgoraDemoUITests.release.xcconfig */ = {isa = PBXFileReference; includeInIndex = 1; lastKnownFileType = text.xcconfig; name = "Pods-AgoraDemoUITests.release.xcconfig"; path = "Target Support Files/Pods-AgoraDemoUITests/Pods-AgoraDemoUITests.release.xcconfig"; sourceTree = "<group>"; };
		14777849CACC06468DD1A9DF /* Pods-AgoraDemoTests.debug.xcconfig */ = {isa = PBXFileReference; includeInIndex = 1; lastKnownFileType = text.xcconfig; name = "Pods-AgoraDemoTests.debug.xcconfig"; path = "Target Support Files/Pods-AgoraDemoTests/Pods-AgoraDemoTests.debug.xcconfig"; sourceTree = "<group>"; };
		44CE898684AF6C4C3E41B29F /* Pods_AgoraDemoTests.framework */ = {isa = PBXFileReference; explicitFileType = wrapper.framework; includeInIndex = 0; path = Pods_AgoraDemoTests.framework; sourceTree = BUILT_PRODUCTS_DIR; };
		70CF7FEF6AA69E381B55C2F6 /* Pods_AgoraDemo.framework */ = {isa = PBXFileReference; explicitFileType = wrapper.framework; includeInIndex = 0; path = Pods_AgoraDemo.framework; sourceTree = BUILT_PRODUCTS_DIR; };
		763C30AB3A997BE4CD671A7D /* Pods-AgoraDemoTests.release.xcconfig */ = {isa = PBXFileReference; includeInIndex = 1; lastKnownFileType = text.xcconfig; name = "Pods-AgoraDemoTests.release.xcconfig"; path = "Target Support Files/Pods-AgoraDemoTests/Pods-AgoraDemoTests.release.xcconfig"; sourceTree = "<group>"; };
		7FD16E5023397214004DC4D6 /* AgoraDemo.app */ = {isa = PBXFileReference; explicitFileType = wrapper.application; includeInIndex = 0; path = AgoraDemo.app; sourceTree = BUILT_PRODUCTS_DIR; };
		7FD16E5323397214004DC4D6 /* AppDelegate.swift */ = {isa = PBXFileReference; lastKnownFileType = sourcecode.swift; path = AppDelegate.swift; sourceTree = "<group>"; };
		7FD16E5523397214004DC4D6 /* ViewController.swift */ = {isa = PBXFileReference; lastKnownFileType = sourcecode.swift; path = ViewController.swift; sourceTree = "<group>"; };
		7FD16E5823397214004DC4D6 /* Base */ = {isa = PBXFileReference; lastKnownFileType = file.storyboard; name = Base; path = Base.lproj/Main.storyboard; sourceTree = "<group>"; };
		7FD16E5A23397215004DC4D6 /* Assets.xcassets */ = {isa = PBXFileReference; lastKnownFileType = folder.assetcatalog; path = Assets.xcassets; sourceTree = "<group>"; };
		7FD16E5D23397215004DC4D6 /* Base */ = {isa = PBXFileReference; lastKnownFileType = file.storyboard; name = Base; path = Base.lproj/LaunchScreen.storyboard; sourceTree = "<group>"; };
		7FD16E5F23397215004DC4D6 /* Info.plist */ = {isa = PBXFileReference; lastKnownFileType = text.plist.xml; path = Info.plist; sourceTree = "<group>"; };
		7FD16E6423397215004DC4D6 /* AgoraDemoTests.xctest */ = {isa = PBXFileReference; explicitFileType = wrapper.cfbundle; includeInIndex = 0; path = AgoraDemoTests.xctest; sourceTree = BUILT_PRODUCTS_DIR; };
		7FD16E6823397215004DC4D6 /* AgoraDemoTests.swift */ = {isa = PBXFileReference; lastKnownFileType = sourcecode.swift; path = AgoraDemoTests.swift; sourceTree = "<group>"; };
		7FD16E6A23397215004DC4D6 /* Info.plist */ = {isa = PBXFileReference; lastKnownFileType = text.plist.xml; path = Info.plist; sourceTree = "<group>"; };
		7FD16E6F23397215004DC4D6 /* AgoraDemoUITests.xctest */ = {isa = PBXFileReference; explicitFileType = wrapper.cfbundle; includeInIndex = 0; path = AgoraDemoUITests.xctest; sourceTree = BUILT_PRODUCTS_DIR; };
		7FD16E7323397215004DC4D6 /* AgoraDemoUITests.swift */ = {isa = PBXFileReference; lastKnownFileType = sourcecode.swift; path = AgoraDemoUITests.swift; sourceTree = "<group>"; };
		7FD16E7523397215004DC4D6 /* Info.plist */ = {isa = PBXFileReference; lastKnownFileType = text.plist.xml; path = Info.plist; sourceTree = "<group>"; };
		8A95E9DEB050942F26FF4940 /* Pods-AgoraDemo.debug.xcconfig */ = {isa = PBXFileReference; includeInIndex = 1; lastKnownFileType = text.xcconfig; name = "Pods-AgoraDemo.debug.xcconfig"; path = "Target Support Files/Pods-AgoraDemo/Pods-AgoraDemo.debug.xcconfig"; sourceTree = "<group>"; };
		977712695A93ECC213A8F595 /* Pods_AgoraDemoUITests.framework */ = {isa = PBXFileReference; explicitFileType = wrapper.framework; includeInIndex = 0; path = Pods_AgoraDemoUITests.framework; sourceTree = BUILT_PRODUCTS_DIR; };
		DEBCFB4913CD10B0219CCF43 /* Pods-AgoraDemo.release.xcconfig */ = {isa = PBXFileReference; includeInIndex = 1; lastKnownFileType = text.xcconfig; name = "Pods-AgoraDemo.release.xcconfig"; path = "Target Support Files/Pods-AgoraDemo/Pods-AgoraDemo.release.xcconfig"; sourceTree = "<group>"; };
		F49379B0214EEA8114F6E636 /* Pods-AgoraDemoUITests.debug.xcconfig */ = {isa = PBXFileReference; includeInIndex = 1; lastKnownFileType = text.xcconfig; name = "Pods-AgoraDemoUITests.debug.xcconfig"; path = "Target Support Files/Pods-AgoraDemoUITests/Pods-AgoraDemoUITests.debug.xcconfig"; sourceTree = "<group>"; };
/* End PBXFileReference section */

/* Begin PBXFrameworksBuildPhase section */
		7FD16E4D23397214004DC4D6 /* Frameworks */ = {
			isa = PBXFrameworksBuildPhase;
			buildActionMask = 2147483647;
			files = (
				37D6D4F97C3D2D897D89BABB /* Pods_AgoraDemo.framework in Frameworks */,
			);
			runOnlyForDeploymentPostprocessing = 0;
		};
		7FD16E6123397215004DC4D6 /* Frameworks */ = {
			isa = PBXFrameworksBuildPhase;
			buildActionMask = 2147483647;
			files = (
				39B0F03108C1BB85C1E9A449 /* Pods_AgoraDemoTests.framework in Frameworks */,
			);
			runOnlyForDeploymentPostprocessing = 0;
		};
		7FD16E6C23397215004DC4D6 /* Frameworks */ = {
			isa = PBXFrameworksBuildPhase;
			buildActionMask = 2147483647;
			files = (
				088D7BC55A6B0349389C669A /* Pods_AgoraDemoUITests.framework in Frameworks */,
			);
			runOnlyForDeploymentPostprocessing = 0;
		};
/* End PBXFrameworksBuildPhase section */

/* Begin PBXGroup section */
		3FB409FEA3B1C7CE13C5C455 /* Frameworks */ = {
			isa = PBXGroup;
			children = (
				70CF7FEF6AA69E381B55C2F6 /* Pods_AgoraDemo.framework */,
				44CE898684AF6C4C3E41B29F /* Pods_AgoraDemoTests.framework */,
				977712695A93ECC213A8F595 /* Pods_AgoraDemoUITests.framework */,
			);
			name = Frameworks;
			sourceTree = "<group>";
		};
		7FD16E4723397214004DC4D6 = {
			isa = PBXGroup;
			children = (
				7FD16E5223397214004DC4D6 /* AgoraDemo */,
				7FD16E6723397215004DC4D6 /* AgoraDemoTests */,
				7FD16E7223397215004DC4D6 /* AgoraDemoUITests */,
				7FD16E5123397214004DC4D6 /* Products */,
				A01BAAA85E385ED46FD8EB35 /* Pods */,
				3FB409FEA3B1C7CE13C5C455 /* Frameworks */,
			);
			sourceTree = "<group>";
		};
		7FD16E5123397214004DC4D6 /* Products */ = {
			isa = PBXGroup;
			children = (
				7FD16E5023397214004DC4D6 /* AgoraDemo.app */,
				7FD16E6423397215004DC4D6 /* AgoraDemoTests.xctest */,
				7FD16E6F23397215004DC4D6 /* AgoraDemoUITests.xctest */,
			);
			name = Products;
			sourceTree = "<group>";
		};
		7FD16E5223397214004DC4D6 /* AgoraDemo */ = {
			isa = PBXGroup;
			children = (
				7FD16E5323397214004DC4D6 /* AppDelegate.swift */,
				7FD16E5523397214004DC4D6 /* ViewController.swift */,
				7FD16E5723397214004DC4D6 /* Main.storyboard */,
				7FD16E5A23397215004DC4D6 /* Assets.xcassets */,
				7FD16E5C23397215004DC4D6 /* LaunchScreen.storyboard */,
				7FD16E5F23397215004DC4D6 /* Info.plist */,
			);
			path = AgoraDemo;
			sourceTree = "<group>";
		};
		7FD16E6723397215004DC4D6 /* AgoraDemoTests */ = {
			isa = PBXGroup;
			children = (
				7FD16E6823397215004DC4D6 /* AgoraDemoTests.swift */,
				7FD16E6A23397215004DC4D6 /* Info.plist */,
			);
			path = AgoraDemoTests;
			sourceTree = "<group>";
		};
		7FD16E7223397215004DC4D6 /* AgoraDemoUITests */ = {
			isa = PBXGroup;
			children = (
				7FD16E7323397215004DC4D6 /* AgoraDemoUITests.swift */,
				7FD16E7523397215004DC4D6 /* Info.plist */,
			);
			path = AgoraDemoUITests;
			sourceTree = "<group>";
		};
		A01BAAA85E385ED46FD8EB35 /* Pods */ = {
			isa = PBXGroup;
			children = (
				8A95E9DEB050942F26FF4940 /* Pods-AgoraDemo.debug.xcconfig */,
				DEBCFB4913CD10B0219CCF43 /* Pods-AgoraDemo.release.xcconfig */,
				14777849CACC06468DD1A9DF /* Pods-AgoraDemoTests.debug.xcconfig */,
				763C30AB3A997BE4CD671A7D /* Pods-AgoraDemoTests.release.xcconfig */,
				F49379B0214EEA8114F6E636 /* Pods-AgoraDemoUITests.debug.xcconfig */,
				11E80B95411EBE7CE687621C /* Pods-AgoraDemoUITests.release.xcconfig */,
			);
			name = Pods;
			path = Pods;
			sourceTree = "<group>";
		};
/* End PBXGroup section */

/* Begin PBXNativeTarget section */
		7FD16E4F23397214004DC4D6 /* AgoraDemo */ = {
			isa = PBXNativeTarget;
			buildConfigurationList = 7FD16E7823397215004DC4D6 /* Build configuration list for PBXNativeTarget "AgoraDemo" */;
			buildPhases = (
				F83A38A560E669C97384CE94 /* [CP] Check Pods Manifest.lock */,
				7FD16E4C23397214004DC4D6 /* Sources */,
				7FD16E4D23397214004DC4D6 /* Frameworks */,
				7FD16E4E23397214004DC4D6 /* Resources */,
			);
			buildRules = (
			);
			dependencies = (
			);
			name = AgoraDemo;
			productName = AgoraDemo;
			productReference = 7FD16E5023397214004DC4D6 /* AgoraDemo.app */;
			productType = "com.apple.product-type.application";
		};
		7FD16E6323397215004DC4D6 /* AgoraDemoTests */ = {
			isa = PBXNativeTarget;
			buildConfigurationList = 7FD16E7B23397215004DC4D6 /* Build configuration list for PBXNativeTarget "AgoraDemoTests" */;
			buildPhases = (
				91E3559DF51764AFA2933EDF /* [CP] Check Pods Manifest.lock */,
				7FD16E6023397215004DC4D6 /* Sources */,
				7FD16E6123397215004DC4D6 /* Frameworks */,
				7FD16E6223397215004DC4D6 /* Resources */,
			);
			buildRules = (
			);
			dependencies = (
				7FD16E6623397215004DC4D6 /* PBXTargetDependency */,
			);
			name = AgoraDemoTests;
			productName = AgoraDemoTests;
			productReference = 7FD16E6423397215004DC4D6 /* AgoraDemoTests.xctest */;
			productType = "com.apple.product-type.bundle.unit-test";
		};
		7FD16E6E23397215004DC4D6 /* AgoraDemoUITests */ = {
			isa = PBXNativeTarget;
			buildConfigurationList = 7FD16E7E23397215004DC4D6 /* Build configuration list for PBXNativeTarget "AgoraDemoUITests" */;
			buildPhases = (
				4639013E76EAB79DCFDB71A0 /* [CP] Check Pods Manifest.lock */,
				7FD16E6B23397215004DC4D6 /* Sources */,
				7FD16E6C23397215004DC4D6 /* Frameworks */,
				7FD16E6D23397215004DC4D6 /* Resources */,
			);
			buildRules = (
			);
			dependencies = (
				7FD16E7123397215004DC4D6 /* PBXTargetDependency */,
			);
			name = AgoraDemoUITests;
			productName = AgoraDemoUITests;
			productReference = 7FD16E6F23397215004DC4D6 /* AgoraDemoUITests.xctest */;
			productType = "com.apple.product-type.bundle.ui-testing";
		};
/* End PBXNativeTarget section */

/* Begin PBXProject section */
		7FD16E4823397214004DC4D6 /* Project object */ = {
			isa = PBXProject;
			attributes = {
				LastSwiftUpdateCheck = 1030;
				LastUpgradeCheck = 1030;
				ORGANIZATIONNAME = "Jonathan Fotland";
				TargetAttributes = {
					7FD16E4F23397214004DC4D6 = {
						CreatedOnToolsVersion = 10.3;
					};
					7FD16E6323397215004DC4D6 = {
						CreatedOnToolsVersion = 10.3;
						TestTargetID = 7FD16E4F23397214004DC4D6;
					};
					7FD16E6E23397215004DC4D6 = {
						CreatedOnToolsVersion = 10.3;
						TestTargetID = 7FD16E4F23397214004DC4D6;
					};
				};
			};
			buildConfigurationList = 7FD16E4B23397214004DC4D6 /* Build configuration list for PBXProject "AgoraDemo" */;
			compatibilityVersion = "Xcode 9.3";
			developmentRegion = en;
			hasScannedForEncodings = 0;
			knownRegions = (
				en,
				Base,
			);
			mainGroup = 7FD16E4723397214004DC4D6;
			productRefGroup = 7FD16E5123397214004DC4D6 /* Products */;
			projectDirPath = "";
			projectRoot = "";
			targets = (
				7FD16E4F23397214004DC4D6 /* AgoraDemo */,
				7FD16E6323397215004DC4D6 /* AgoraDemoTests */,
				7FD16E6E23397215004DC4D6 /* AgoraDemoUITests */,
			);
		};
/* End PBXProject section */

/* Begin PBXResourcesBuildPhase section */
		7FD16E4E23397214004DC4D6 /* Resources */ = {
			isa = PBXResourcesBuildPhase;
			buildActionMask = 2147483647;
			files = (
				7FD16E5E23397215004DC4D6 /* LaunchScreen.storyboard in Resources */,
				7FD16E5B23397215004DC4D6 /* Assets.xcassets in Resources */,
				7FD16E5923397214004DC4D6 /* Main.storyboard in Resources */,
			);
			runOnlyForDeploymentPostprocessing = 0;
		};
		7FD16E6223397215004DC4D6 /* Resources */ = {
			isa = PBXResourcesBuildPhase;
			buildActionMask = 2147483647;
			files = (
			);
			runOnlyForDeploymentPostprocessing = 0;
		};
		7FD16E6D23397215004DC4D6 /* Resources */ = {
			isa = PBXResourcesBuildPhase;
			buildActionMask = 2147483647;
			files = (
			);
			runOnlyForDeploymentPostprocessing = 0;
		};
/* End PBXResourcesBuildPhase section */

/* Begin PBXShellScriptBuildPhase section */
		4639013E76EAB79DCFDB71A0 /* [CP] Check Pods Manifest.lock */ = {
			isa = PBXShellScriptBuildPhase;
			buildActionMask = 2147483647;
			files = (
			);
			inputFileListPaths = (
			);
			inputPaths = (
				"${PODS_PODFILE_DIR_PATH}/Podfile.lock",
				"${PODS_ROOT}/Manifest.lock",
			);
			name = "[CP] Check Pods Manifest.lock";
			outputFileListPaths = (
			);
			outputPaths = (
				"$(DERIVED_FILE_DIR)/Pods-AgoraDemoUITests-checkManifestLockResult.txt",
			);
			runOnlyForDeploymentPostprocessing = 0;
			shellPath = /bin/sh;
			shellScript = "diff \"${PODS_PODFILE_DIR_PATH}/Podfile.lock\" \"${PODS_ROOT}/Manifest.lock\" > /dev/null\nif [ $? != 0 ] ; then\n    # print error to STDERR\n    echo \"error: The sandbox is not in sync with the Podfile.lock. Run 'pod install' or update your CocoaPods installation.\" >&2\n    exit 1\nfi\n# This output is used by Xcode 'outputs' to avoid re-running this script phase.\necho \"SUCCESS\" > \"${SCRIPT_OUTPUT_FILE_0}\"\n";
			showEnvVarsInLog = 0;
		};
		91E3559DF51764AFA2933EDF /* [CP] Check Pods Manifest.lock */ = {
			isa = PBXShellScriptBuildPhase;
			buildActionMask = 2147483647;
			files = (
			);
			inputFileListPaths = (
			);
			inputPaths = (
				"${PODS_PODFILE_DIR_PATH}/Podfile.lock",
				"${PODS_ROOT}/Manifest.lock",
			);
			name = "[CP] Check Pods Manifest.lock";
			outputFileListPaths = (
			);
			outputPaths = (
				"$(DERIVED_FILE_DIR)/Pods-AgoraDemoTests-checkManifestLockResult.txt",
			);
			runOnlyForDeploymentPostprocessing = 0;
			shellPath = /bin/sh;
			shellScript = "diff \"${PODS_PODFILE_DIR_PATH}/Podfile.lock\" \"${PODS_ROOT}/Manifest.lock\" > /dev/null\nif [ $? != 0 ] ; then\n    # print error to STDERR\n    echo \"error: The sandbox is not in sync with the Podfile.lock. Run 'pod install' or update your CocoaPods installation.\" >&2\n    exit 1\nfi\n# This output is used by Xcode 'outputs' to avoid re-running this script phase.\necho \"SUCCESS\" > \"${SCRIPT_OUTPUT_FILE_0}\"\n";
			showEnvVarsInLog = 0;
		};
		F83A38A560E669C97384CE94 /* [CP] Check Pods Manifest.lock */ = {
			isa = PBXShellScriptBuildPhase;
			buildActionMask = 2147483647;
			files = (
			);
			inputFileListPaths = (
			);
			inputPaths = (
				"${PODS_PODFILE_DIR_PATH}/Podfile.lock",
				"${PODS_ROOT}/Manifest.lock",
			);
			name = "[CP] Check Pods Manifest.lock";
			outputFileListPaths = (
			);
			outputPaths = (
				"$(DERIVED_FILE_DIR)/Pods-AgoraDemo-checkManifestLockResult.txt",
			);
			runOnlyForDeploymentPostprocessing = 0;
			shellPath = /bin/sh;
			shellScript = "diff \"${PODS_PODFILE_DIR_PATH}/Podfile.lock\" \"${PODS_ROOT}/Manifest.lock\" > /dev/null\nif [ $? != 0 ] ; then\n    # print error to STDERR\n    echo \"error: The sandbox is not in sync with the Podfile.lock. Run 'pod install' or update your CocoaPods installation.\" >&2\n    exit 1\nfi\n# This output is used by Xcode 'outputs' to avoid re-running this script phase.\necho \"SUCCESS\" > \"${SCRIPT_OUTPUT_FILE_0}\"\n";
			showEnvVarsInLog = 0;
		};
/* End PBXShellScriptBuildPhase section */

/* Begin PBXSourcesBuildPhase section */
		7FD16E4C23397214004DC4D6 /* Sources */ = {
			isa = PBXSourcesBuildPhase;
			buildActionMask = 2147483647;
			files = (
				7FD16E5623397214004DC4D6 /* ViewController.swift in Sources */,
				7FD16E5423397214004DC4D6 /* AppDelegate.swift in Sources */,
			);
			runOnlyForDeploymentPostprocessing = 0;
		};
		7FD16E6023397215004DC4D6 /* Sources */ = {
			isa = PBXSourcesBuildPhase;
			buildActionMask = 2147483647;
			files = (
				7FD16E6923397215004DC4D6 /* AgoraDemoTests.swift in Sources */,
			);
			runOnlyForDeploymentPostprocessing = 0;
		};
		7FD16E6B23397215004DC4D6 /* Sources */ = {
			isa = PBXSourcesBuildPhase;
			buildActionMask = 2147483647;
			files = (
				7FD16E7423397215004DC4D6 /* AgoraDemoUITests.swift in Sources */,
			);
			runOnlyForDeploymentPostprocessing = 0;
		};
/* End PBXSourcesBuildPhase section */

/* Begin PBXTargetDependency section */
		7FD16E6623397215004DC4D6 /* PBXTargetDependency */ = {
			isa = PBXTargetDependency;
			target = 7FD16E4F23397214004DC4D6 /* AgoraDemo */;
			targetProxy = 7FD16E6523397215004DC4D6 /* PBXContainerItemProxy */;
		};
		7FD16E7123397215004DC4D6 /* PBXTargetDependency */ = {
			isa = PBXTargetDependency;
			target = 7FD16E4F23397214004DC4D6 /* AgoraDemo */;
			targetProxy = 7FD16E7023397215004DC4D6 /* PBXContainerItemProxy */;
		};
/* End PBXTargetDependency section */

/* Begin PBXVariantGroup section */
		7FD16E5723397214004DC4D6 /* Main.storyboard */ = {
			isa = PBXVariantGroup;
			children = (
				7FD16E5823397214004DC4D6 /* Base */,
			);
			name = Main.storyboard;
			sourceTree = "<group>";
		};
		7FD16E5C23397215004DC4D6 /* LaunchScreen.storyboard */ = {
			isa = PBXVariantGroup;
			children = (
				7FD16E5D23397215004DC4D6 /* Base */,
			);
			name = LaunchScreen.storyboard;
			sourceTree = "<group>";
		};
/* End PBXVariantGroup section */

/* Begin XCBuildConfiguration section */
		7FD16E7623397215004DC4D6 /* Debug */ = {
			isa = XCBuildConfiguration;
			buildSettings = {
				ALWAYS_SEARCH_USER_PATHS = NO;
				CLANG_ANALYZER_NONNULL = YES;
				CLANG_ANALYZER_NUMBER_OBJECT_CONVERSION = YES_AGGRESSIVE;
				CLANG_CXX_LANGUAGE_STANDARD = "gnu++14";
				CLANG_CXX_LIBRARY = "libc++";
				CLANG_ENABLE_MODULES = YES;
				CLANG_ENABLE_OBJC_ARC = YES;
				CLANG_ENABLE_OBJC_WEAK = YES;
				CLANG_WARN_BLOCK_CAPTURE_AUTORELEASING = YES;
				CLANG_WARN_BOOL_CONVERSION = YES;
				CLANG_WARN_COMMA = YES;
				CLANG_WARN_CONSTANT_CONVERSION = YES;
				CLANG_WARN_DEPRECATED_OBJC_IMPLEMENTATIONS = YES;
				CLANG_WARN_DIRECT_OBJC_ISA_USAGE = YES_ERROR;
				CLANG_WARN_DOCUMENTATION_COMMENTS = YES;
				CLANG_WARN_EMPTY_BODY = YES;
				CLANG_WARN_ENUM_CONVERSION = YES;
				CLANG_WARN_INFINITE_RECURSION = YES;
				CLANG_WARN_INT_CONVERSION = YES;
				CLANG_WARN_NON_LITERAL_NULL_CONVERSION = YES;
				CLANG_WARN_OBJC_IMPLICIT_RETAIN_SELF = YES;
				CLANG_WARN_OBJC_LITERAL_CONVERSION = YES;
				CLANG_WARN_OBJC_ROOT_CLASS = YES_ERROR;
				CLANG_WARN_RANGE_LOOP_ANALYSIS = YES;
				CLANG_WARN_STRICT_PROTOTYPES = YES;
				CLANG_WARN_SUSPICIOUS_MOVE = YES;
				CLANG_WARN_UNGUARDED_AVAILABILITY = YES_AGGRESSIVE;
				CLANG_WARN_UNREACHABLE_CODE = YES;
				CLANG_WARN__DUPLICATE_METHOD_MATCH = YES;
				CODE_SIGN_IDENTITY = "iPhone Developer";
				COPY_PHASE_STRIP = NO;
				DEBUG_INFORMATION_FORMAT = dwarf;
				ENABLE_STRICT_OBJC_MSGSEND = YES;
				ENABLE_TESTABILITY = YES;
				GCC_C_LANGUAGE_STANDARD = gnu11;
				GCC_DYNAMIC_NO_PIC = NO;
				GCC_NO_COMMON_BLOCKS = YES;
				GCC_OPTIMIZATION_LEVEL = 0;
				GCC_PREPROCESSOR_DEFINITIONS = (
					"DEBUG=1",
					"$(inherited)",
				);
				GCC_WARN_64_TO_32_BIT_CONVERSION = YES;
				GCC_WARN_ABOUT_RETURN_TYPE = YES_ERROR;
				GCC_WARN_UNDECLARED_SELECTOR = YES;
				GCC_WARN_UNINITIALIZED_AUTOS = YES_AGGRESSIVE;
				GCC_WARN_UNUSED_FUNCTION = YES;
				GCC_WARN_UNUSED_VARIABLE = YES;
				IPHONEOS_DEPLOYMENT_TARGET = 12.4;
				MTL_ENABLE_DEBUG_INFO = INCLUDE_SOURCE;
				MTL_FAST_MATH = YES;
				ONLY_ACTIVE_ARCH = YES;
				SDKROOT = iphoneos;
				SWIFT_ACTIVE_COMPILATION_CONDITIONS = DEBUG;
				SWIFT_OPTIMIZATION_LEVEL = "-Onone";
			};
			name = Debug;
		};
		7FD16E7723397215004DC4D6 /* Release */ = {
			isa = XCBuildConfiguration;
			buildSettings = {
				ALWAYS_SEARCH_USER_PATHS = NO;
				CLANG_ANALYZER_NONNULL = YES;
				CLANG_ANALYZER_NUMBER_OBJECT_CONVERSION = YES_AGGRESSIVE;
				CLANG_CXX_LANGUAGE_STANDARD = "gnu++14";
				CLANG_CXX_LIBRARY = "libc++";
				CLANG_ENABLE_MODULES = YES;
				CLANG_ENABLE_OBJC_ARC = YES;
				CLANG_ENABLE_OBJC_WEAK = YES;
				CLANG_WARN_BLOCK_CAPTURE_AUTORELEASING = YES;
				CLANG_WARN_BOOL_CONVERSION = YES;
				CLANG_WARN_COMMA = YES;
				CLANG_WARN_CONSTANT_CONVERSION = YES;
				CLANG_WARN_DEPRECATED_OBJC_IMPLEMENTATIONS = YES;
				CLANG_WARN_DIRECT_OBJC_ISA_USAGE = YES_ERROR;
				CLANG_WARN_DOCUMENTATION_COMMENTS = YES;
				CLANG_WARN_EMPTY_BODY = YES;
				CLANG_WARN_ENUM_CONVERSION = YES;
				CLANG_WARN_INFINITE_RECURSION = YES;
				CLANG_WARN_INT_CONVERSION = YES;
				CLANG_WARN_NON_LITERAL_NULL_CONVERSION = YES;
				CLANG_WARN_OBJC_IMPLICIT_RETAIN_SELF = YES;
				CLANG_WARN_OBJC_LITERAL_CONVERSION = YES;
				CLANG_WARN_OBJC_ROOT_CLASS = YES_ERROR;
				CLANG_WARN_RANGE_LOOP_ANALYSIS = YES;
				CLANG_WARN_STRICT_PROTOTYPES = YES;
				CLANG_WARN_SUSPICIOUS_MOVE = YES;
				CLANG_WARN_UNGUARDED_AVAILABILITY = YES_AGGRESSIVE;
				CLANG_WARN_UNREACHABLE_CODE = YES;
				CLANG_WARN__DUPLICATE_METHOD_MATCH = YES;
				CODE_SIGN_IDENTITY = "iPhone Developer";
				COPY_PHASE_STRIP = NO;
				DEBUG_INFORMATION_FORMAT = "dwarf-with-dsym";
				ENABLE_NS_ASSERTIONS = NO;
				ENABLE_STRICT_OBJC_MSGSEND = YES;
				GCC_C_LANGUAGE_STANDARD = gnu11;
				GCC_NO_COMMON_BLOCKS = YES;
				GCC_WARN_64_TO_32_BIT_CONVERSION = YES;
				GCC_WARN_ABOUT_RETURN_TYPE = YES_ERROR;
				GCC_WARN_UNDECLARED_SELECTOR = YES;
				GCC_WARN_UNINITIALIZED_AUTOS = YES_AGGRESSIVE;
				GCC_WARN_UNUSED_FUNCTION = YES;
				GCC_WARN_UNUSED_VARIABLE = YES;
				IPHONEOS_DEPLOYMENT_TARGET = 12.4;
				MTL_ENABLE_DEBUG_INFO = NO;
				MTL_FAST_MATH = YES;
				SDKROOT = iphoneos;
				SWIFT_COMPILATION_MODE = wholemodule;
				SWIFT_OPTIMIZATION_LEVEL = "-O";
				VALIDATE_PRODUCT = YES;
			};
			name = Release;
		};
		7FD16E7923397215004DC4D6 /* Debug */ = {
			isa = XCBuildConfiguration;
			baseConfigurationReference = 8A95E9DEB050942F26FF4940 /* Pods-AgoraDemo.debug.xcconfig */;
			buildSettings = {
				ASSETCATALOG_COMPILER_APPICON_NAME = AppIcon;
				CODE_SIGN_STYLE = Automatic;
				INFOPLIST_FILE = AgoraDemo/Info.plist;
				LD_RUNPATH_SEARCH_PATHS = (
					"$(inherited)",
					"@executable_path/Frameworks",
				);
				PRODUCT_BUNDLE_IDENTIFIER = com.agoraJF.AgoraDemo;
				PRODUCT_NAME = "$(TARGET_NAME)";
				SWIFT_VERSION = 5.0;
				TARGETED_DEVICE_FAMILY = "1,2";
			};
			name = Debug;
		};
		7FD16E7A23397215004DC4D6 /* Release */ = {
			isa = XCBuildConfiguration;
			baseConfigurationReference = DEBCFB4913CD10B0219CCF43 /* Pods-AgoraDemo.release.xcconfig */;
			buildSettings = {
				ASSETCATALOG_COMPILER_APPICON_NAME = AppIcon;
				CODE_SIGN_STYLE = Automatic;
				INFOPLIST_FILE = AgoraDemo/Info.plist;
				LD_RUNPATH_SEARCH_PATHS = (
					"$(inherited)",
					"@executable_path/Frameworks",
				);
				PRODUCT_BUNDLE_IDENTIFIER = com.agoraJF.AgoraDemo;
				PRODUCT_NAME = "$(TARGET_NAME)";
				SWIFT_VERSION = 5.0;
				TARGETED_DEVICE_FAMILY = "1,2";
			};
			name = Release;
		};
		7FD16E7C23397215004DC4D6 /* Debug */ = {
			isa = XCBuildConfiguration;
			baseConfigurationReference = 14777849CACC06468DD1A9DF /* Pods-AgoraDemoTests.debug.xcconfig */;
			buildSettings = {
				ALWAYS_EMBED_SWIFT_STANDARD_LIBRARIES = YES;
				BUNDLE_LOADER = "$(TEST_HOST)";
				CODE_SIGN_STYLE = Automatic;
				INFOPLIST_FILE = AgoraDemoTests/Info.plist;
				LD_RUNPATH_SEARCH_PATHS = (
					"$(inherited)",
					"@executable_path/Frameworks",
					"@loader_path/Frameworks",
				);
				PRODUCT_BUNDLE_IDENTIFIER = com.agoraJF.AgoraDemoTests;
				PRODUCT_NAME = "$(TARGET_NAME)";
				SWIFT_VERSION = 5.0;
				TARGETED_DEVICE_FAMILY = "1,2";
				TEST_HOST = "$(BUILT_PRODUCTS_DIR)/AgoraDemo.app/AgoraDemo";
			};
			name = Debug;
		};
		7FD16E7D23397215004DC4D6 /* Release */ = {
			isa = XCBuildConfiguration;
			baseConfigurationReference = 763C30AB3A997BE4CD671A7D /* Pods-AgoraDemoTests.release.xcconfig */;
			buildSettings = {
				ALWAYS_EMBED_SWIFT_STANDARD_LIBRARIES = YES;
				BUNDLE_LOADER = "$(TEST_HOST)";
				CODE_SIGN_STYLE = Automatic;
				INFOPLIST_FILE = AgoraDemoTests/Info.plist;
				LD_RUNPATH_SEARCH_PATHS = (
					"$(inherited)",
					"@executable_path/Frameworks",
					"@loader_path/Frameworks",
				);
				PRODUCT_BUNDLE_IDENTIFIER = com.agoraJF.AgoraDemoTests;
				PRODUCT_NAME = "$(TARGET_NAME)";
				SWIFT_VERSION = 5.0;
				TARGETED_DEVICE_FAMILY = "1,2";
				TEST_HOST = "$(BUILT_PRODUCTS_DIR)/AgoraDemo.app/AgoraDemo";
			};
			name = Release;
		};
		7FD16E7F23397215004DC4D6 /* Debug */ = {
			isa = XCBuildConfiguration;
			baseConfigurationReference = F49379B0214EEA8114F6E636 /* Pods-AgoraDemoUITests.debug.xcconfig */;
			buildSettings = {
				ALWAYS_EMBED_SWIFT_STANDARD_LIBRARIES = YES;
				CODE_SIGN_STYLE = Automatic;
				INFOPLIST_FILE = AgoraDemoUITests/Info.plist;
				LD_RUNPATH_SEARCH_PATHS = (
					"$(inherited)",
					"@executable_path/Frameworks",
					"@loader_path/Frameworks",
				);
				PRODUCT_BUNDLE_IDENTIFIER = com.agoraJF.AgoraDemoUITests;
				PRODUCT_NAME = "$(TARGET_NAME)";
				SWIFT_VERSION = 5.0;
				TARGETED_DEVICE_FAMILY = "1,2";
				TEST_TARGET_NAME = AgoraDemo;
			};
			name = Debug;
		};
		7FD16E8023397215004DC4D6 /* Release */ = {
			isa = XCBuildConfiguration;
			baseConfigurationReference = 11E80B95411EBE7CE687621C /* Pods-AgoraDemoUITests.release.xcconfig */;
			buildSettings = {
				ALWAYS_EMBED_SWIFT_STANDARD_LIBRARIES = YES;
				CODE_SIGN_STYLE = Automatic;
				INFOPLIST_FILE = AgoraDemoUITests/Info.plist;
				LD_RUNPATH_SEARCH_PATHS = (
					"$(inherited)",
					"@executable_path/Frameworks",
					"@loader_path/Frameworks",
				);
				PRODUCT_BUNDLE_IDENTIFIER = com.agoraJF.AgoraDemoUITests;
				PRODUCT_NAME = "$(TARGET_NAME)";
				SWIFT_VERSION = 5.0;
				TARGETED_DEVICE_FAMILY = "1,2";
				TEST_TARGET_NAME = AgoraDemo;
			};
			name = Release;
		};
/* End XCBuildConfiguration section */

/* Begin XCConfigurationList section */
		7FD16E4B23397214004DC4D6 /* Build configuration list for PBXProject "AgoraDemo" */ = {
			isa = XCConfigurationList;
			buildConfigurations = (
				7FD16E7623397215004DC4D6 /* Debug */,
				7FD16E7723397215004DC4D6 /* Release */,
			);
			defaultConfigurationIsVisible = 0;
			defaultConfigurationName = Release;
		};
		7FD16E7823397215004DC4D6 /* Build configuration list for PBXNativeTarget "AgoraDemo" */ = {
			isa = XCConfigurationList;
			buildConfigurations = (
				7FD16E7923397215004DC4D6 /* Debug */,
				7FD16E7A23397215004DC4D6 /* Release */,
			);
			defaultConfigurationIsVisible = 0;
			defaultConfigurationName = Release;
		};
		7FD16E7B23397215004DC4D6 /* Build configuration list for PBXNativeTarget "AgoraDemoTests" */ = {
			isa = XCConfigurationList;
			buildConfigurations = (
				7FD16E7C23397215004DC4D6 /* Debug */,
				7FD16E7D23397215004DC4D6 /* Release */,
			);
			defaultConfigurationIsVisible = 0;
			defaultConfigurationName = Release;
		};
		7FD16E7E23397215004DC4D6 /* Build configuration list for PBXNativeTarget "AgoraDemoUITests" */ = {
			isa = XCConfigurationList;
			buildConfigurations = (
				7FD16E7F23397215004DC4D6 /* Debug */,
				7FD16E8023397215004DC4D6 /* Release */,
			);
			defaultConfigurationIsVisible = 0;
			defaultConfigurationName = Release;
		};
/* End XCConfigurationList section */
	};
	rootObject = 7FD16E4823397214004DC4D6 /* Project object */;
}
